{"format_version":"1.2","terraform_version":"1.7.5","planned_values":{"root_module":{"resources":[{"address":"aws_s3_bucket.s3_bucket","mode":"managed","type":"aws_s3_bucket","name":"s3_bucket","provider_name":"registry.terraform.io/hashicorp/aws","schema_version":0,"values":{"bucket":"my-s3-bucket-suyog","force_destroy":false,"tags":{"business":"ccoms","company":"ccoms"},"tags_all":{"business":"ccoms","company":"ccoms"},"timeouts":null},"sensitive_values":{"cors_rule":[],"grant":[],"lifecycle_rule":[],"logging":[],"object_lock_configuration":[],"replication_configuration":[],"server_side_encryption_configuration":[],"tags":{},"tags_all":{},"versioning":[],"website":[]}},{"address":"aws_s3_bucket_ownership_controls.s3_bucket_ownership_controls","mode":"managed","type":"aws_s3_bucket_ownership_controls","name":"s3_bucket_ownership_controls","provider_name":"registry.terraform.io/hashicorp/aws","schema_version":0,"values":{"rule":[{"object_ownership":"BucketOwnerPreferred"}]},"sensitive_values":{"rule":[{}]}},{"address":"aws_s3_bucket_public_access_block.s3_bucket_public_access_block","mode":"managed","type":"aws_s3_bucket_public_access_block","name":"s3_bucket_public_access_block","provider_name":"registry.terraform.io/hashicorp/aws","schema_version":0,"values":{"block_public_acls":true,"block_public_policy":false,"ignore_public_acls":true,"restrict_public_buckets":true},"sensitive_values":{}},{"address":"aws_s3_bucket_server_side_encryption_configuration.s3_bucket_server_side_encryption_configuration","mode":"managed","type":"aws_s3_bucket_server_side_encryption_configuration","name":"s3_bucket_server_side_encryption_configuration","provider_name":"registry.terraform.io/hashicorp/aws","schema_version":0,"values":{"expected_bucket_owner":null,"rule":[{"apply_server_side_encryption_by_default":[{"kms_master_key_id":"","sse_algorithm":"AES256"}],"bucket_key_enabled":null}]},"sensitive_values":{"rule":[{"apply_server_side_encryption_by_default":[{}]}]}},{"address":"aws_s3_bucket_versioning.s3_version","mode":"managed","type":"aws_s3_bucket_versioning","name":"s3_version","provider_name":"registry.terraform.io/hashicorp/aws","schema_version":0,"values":{"expected_bucket_owner":null,"mfa":null,"versioning_configuration":[{"status":"Disabled"}]},"sensitive_values":{"versioning_configuration":[{}]}}]}},"resource_changes":[{"address":"aws_s3_bucket.s3_bucket","mode":"managed","type":"aws_s3_bucket","name":"s3_bucket","provider_name":"registry.terraform.io/hashicorp/aws","change":{"actions":["create"],"before":null,"after":{"bucket":"my-s3-bucket-suyog","force_destroy":false,"tags":{"business":"ccoms","company":"ccoms"},"tags_all":{"business":"ccoms","company":"ccoms"},"timeouts":null},"after_unknown":{"acceleration_status":true,"acl":true,"arn":true,"bucket_domain_name":true,"bucket_prefix":true,"bucket_regional_domain_name":true,"cors_rule":true,"grant":true,"hosted_zone_id":true,"id":true,"lifecycle_rule":true,"logging":true,"object_lock_configuration":true,"object_lock_enabled":true,"policy":true,"region":true,"replication_configuration":true,"request_payer":true,"server_side_encryption_configuration":true,"tags":{},"tags_all":{},"versioning":true,"website":true,"website_domain":true,"website_endpoint":true},"before_sensitive":false,"after_sensitive":{"cors_rule":[],"grant":[],"lifecycle_rule":[],"logging":[],"object_lock_configuration":[],"replication_configuration":[],"server_side_encryption_configuration":[],"tags":{},"tags_all":{},"versioning":[],"website":[]}}},{"address":"aws_s3_bucket_ownership_controls.s3_bucket_ownership_controls","mode":"managed","type":"aws_s3_bucket_ownership_controls","name":"s3_bucket_ownership_controls","provider_name":"registry.terraform.io/hashicorp/aws","change":{"actions":["create"],"before":null,"after":{"rule":[{"object_ownership":"BucketOwnerPreferred"}]},"after_unknown":{"bucket":true,"id":true,"rule":[{}]},"before_sensitive":false,"after_sensitive":{"rule":[{}]}}},{"address":"aws_s3_bucket_public_access_block.s3_bucket_public_access_block","mode":"managed","type":"aws_s3_bucket_public_access_block","name":"s3_bucket_public_access_block","provider_name":"registry.terraform.io/hashicorp/aws","change":{"actions":["create"],"before":null,"after":{"block_public_acls":true,"block_public_policy":false,"ignore_public_acls":true,"restrict_public_buckets":true},"after_unknown":{"bucket":true,"id":true},"before_sensitive":false,"after_sensitive":{}}},{"address":"aws_s3_bucket_server_side_encryption_configuration.s3_bucket_server_side_encryption_configuration","mode":"managed","type":"aws_s3_bucket_server_side_encryption_configuration","name":"s3_bucket_server_side_encryption_configuration","provider_name":"registry.terraform.io/hashicorp/aws","change":{"actions":["create"],"before":null,"after":{"expected_bucket_owner":null,"rule":[{"apply_server_side_encryption_by_default":[{"kms_master_key_id":"","sse_algorithm":"AES256"}],"bucket_key_enabled":null}]},"after_unknown":{"bucket":true,"id":true,"rule":[{"apply_server_side_encryption_by_default":[{}]}]},"before_sensitive":false,"after_sensitive":{"rule":[{"apply_server_side_encryption_by_default":[{}]}]}}},{"address":"aws_s3_bucket_versioning.s3_version","mode":"managed","type":"aws_s3_bucket_versioning","name":"s3_version","provider_name":"registry.terraform.io/hashicorp/aws","change":{"actions":["create"],"before":null,"after":{"expected_bucket_owner":null,"mfa":null,"versioning_configuration":[{"status":"Disabled"}]},"after_unknown":{"bucket":true,"id":true,"versioning_configuration":[{"mfa_delete":true}]},"before_sensitive":false,"after_sensitive":{"versioning_configuration":[{}]}}}],"configuration":{"provider_config":{"aws":{"name":"aws","full_name":"registry.terraform.io/hashicorp/aws","expressions":{"region":{"constant_value":"us-east-1"}}}},"root_module":{"resources":[{"address":"aws_s3_bucket.s3_bucket","mode":"managed","type":"aws_s3_bucket","name":"s3_bucket","provider_config_key":"aws","expressions":{"bucket":{"constant_value":"my-s3-bucket-suyog"},"tags":{"constant_value":{"business":"ccoms","company":"ccoms"}}},"schema_version":0},{"address":"aws_s3_bucket_ownership_controls.s3_bucket_ownership_controls","mode":"managed","type":"aws_s3_bucket_ownership_controls","name":"s3_bucket_ownership_controls","provider_config_key":"aws","expressions":{"bucket":{"references":["aws_s3_bucket.s3_bucket.id","aws_s3_bucket.s3_bucket"]},"rule":[{"object_ownership":{"constant_value":"BucketOwnerPreferred"}}]},"schema_version":0,"depends_on":["aws_s3_bucket_public_access_block.s3_bucket_public_access_block"]},{"address":"aws_s3_bucket_public_access_block.s3_bucket_public_access_block","mode":"managed","type":"aws_s3_bucket_public_access_block","name":"s3_bucket_public_access_block","provider_config_key":"aws","expressions":{"block_public_acls":{"constant_value":true},"block_public_policy":{"constant_value":false},"bucket":{"references":["aws_s3_bucket.s3_bucket.id","aws_s3_bucket.s3_bucket"]},"ignore_public_acls":{"constant_value":true},"restrict_public_buckets":{"constant_value":true}},"schema_version":0},{"address":"aws_s3_bucket_server_side_encryption_configuration.s3_bucket_server_side_encryption_configuration","mode":"managed","type":"aws_s3_bucket_server_side_encryption_configuration","name":"s3_bucket_server_side_encryption_configuration","provider_config_key":"aws","expressions":{"bucket":{"references":["aws_s3_bucket.s3_bucket.id","aws_s3_bucket.s3_bucket"]},"rule":[{"apply_server_side_encryption_by_default":[{"sse_algorithm":{"constant_value":"AES256"}}]}]},"schema_version":0},{"address":"aws_s3_bucket_versioning.s3_version","mode":"managed","type":"aws_s3_bucket_versioning","name":"s3_version","provider_config_key":"aws","expressions":{"bucket":{"references":["aws_s3_bucket.s3_bucket.id","aws_s3_bucket.s3_bucket"]},"versioning_configuration":[{"status":{"constant_value":"Disabled"}}]},"schema_version":0}]}},"relevant_attributes":[{"resource":"aws_s3_bucket.s3_bucket","attribute":["id"]}],"timestamp":"2024-05-28T03:49:56Z","errored":false}

