{
    "format_version": "1.2",
    "terraform_version": "1.7.5",
    "planned_values": {
        "root_module": {
            "resources": [
                {
                    "address": "aws_s3_bucket.s3-bucket",
                    "mode": "managed",
                    "type": "aws_s3_bucket",
                    "name": "s3-bucket",
                    "provider_name": "registry.terraform.io/hashicorp/aws",
                    "schema_version": 0,
                    "values": {
                        "acl": "private",
                        "bucket": "my-s3-bucket",
                        "force_destroy": false,
                        "lifecycle_rule": [
                            {
                                "abort_incomplete_multipart_upload_days": 1,
                                "enabled": true,
                                "expiration": [],
                                "noncurrent_version_expiration": [],
                                "noncurrent_version_transition": [],
                                "prefix": null,
                                "tags": null,
                                "transition": []
                            }
                        ],
                        "server_side_encryption_configuration": [
                            {
                                "rule": [
                                    {
                                        "apply_server_side_encryption_by_default": [
                                            {
                                                "kms_master_key_id": null,
                                                "sse_algorithm": "AES256"
                                            }
                                        ],
                                        "bucket_key_enabled": null
                                    }
                                ]
                            }
                        ],
                        "tags": null,
                        "timeouts": null,
                        "versioning": [
                            {
                                "enabled": false,
                                "mfa_delete": false
                            }
                        ]
                    },
                    "sensitive_values": {
                        "cors_rule": [],
                        "grant": [],
                        "lifecycle_rule": [
                            {
                                "expiration": [],
                                "noncurrent_version_expiration": [],
                                "noncurrent_version_transition": [],
                                "transition": []
                            }
                        ],
                        "logging": [],
                        "object_lock_configuration": [],
                        "replication_configuration": [],
                        "server_side_encryption_configuration": [
                            {
                                "rule": [
                                    {
                                        "apply_server_side_encryption_by_default": [
                                            {}
                                        ]
                                    }
                                ]
                            }
                        ],
                        "tags_all": {},
                        "versioning": [
                            {}
                        ],
                        "website": []
                    }
                },
                {
                    "address": "aws_s3_bucket_public_access_block.s3_public",
                    "mode": "managed",
                    "type": "aws_s3_bucket_public_access_block",
                    "name": "s3_public",
                    "provider_name": "registry.terraform.io/hashicorp/aws",
                    "schema_version": 0,
                    "values": {
                        "block_public_acls": true,
                        "block_public_policy": true,
                        "ignore_public_acls": true,
                        "restrict_public_buckets": true
                    },
                    "sensitive_values": {}
                }
            ]
        }
    },
    "resource_changes": [
        {
            "address": "aws_s3_bucket.s3-bucket",
            "mode": "managed",
            "type": "aws_s3_bucket",
            "name": "s3-bucket",
            "provider_name": "registry.terraform.io/hashicorp/aws",
            "change": {
                "actions": [
                    "create"
                ],
                "before": null,
                "after": {
                    "acl": "private",
                    "bucket": "my-s3-bucket",
                    "force_destroy": false,
                    "lifecycle_rule": [
                        {
                            "abort_incomplete_multipart_upload_days": 1,
                            "enabled": true,
                            "expiration": [],
                            "noncurrent_version_expiration": [],
                            "noncurrent_version_transition": [],
                            "prefix": null,
                            "tags": null,
                            "transition": []
                        }
                    ],
                    "server_side_encryption_configuration": [
                        {
                            "rule": [
                                {
                                    "apply_server_side_encryption_by_default": [
                                        {
                                            "kms_master_key_id": null,
                                            "sse_algorithm": "AES256"
                                        }
                                    ],
                                    "bucket_key_enabled": null
                                }
                            ]
                        }
                    ],
                    "tags": null,
                    "timeouts": null,
                    "versioning": [
                        {
                            "enabled": false,
                            "mfa_delete": false
                        }
                    ]
                },
                "after_unknown": {
                    "acceleration_status": true,
                    "arn": true,
                    "bucket_domain_name": true,
                    "bucket_prefix": true,
                    "bucket_regional_domain_name": true,
                    "cors_rule": true,
                    "grant": true,
                    "hosted_zone_id": true,
                    "id": true,
                    "lifecycle_rule": [
                        {
                            "expiration": [],
                            "id": true,
                            "noncurrent_version_expiration": [],
                            "noncurrent_version_transition": [],
                            "transition": []
                        }
                    ],
                    "logging": true,
                    "object_lock_configuration": true,
                    "object_lock_enabled": true,
                    "policy": true,
                    "region": true,
                    "replication_configuration": true,
                    "request_payer": true,
                    "server_side_encryption_configuration": [
                        {
                            "rule": [
                                {
                                    "apply_server_side_encryption_by_default": [
                                        {}
                                    ]
                                }
                            ]
                        }
                    ],
                    "tags_all": true,
                    "versioning": [
                        {}
                    ],
                    "website": true,
                    "website_domain": true,
                    "website_endpoint": true
                },
                "before_sensitive": false,
                "after_sensitive": {
                    "cors_rule": [],
                    "grant": [],
                    "lifecycle_rule": [
                        {
                            "expiration": [],
                            "noncurrent_version_expiration": [],
                            "noncurrent_version_transition": [],
                            "transition": []
                        }
                    ],
                    "logging": [],
                    "object_lock_configuration": [],
                    "replication_configuration": [],
                    "server_side_encryption_configuration": [
                        {
                            "rule": [
                                {
                                    "apply_server_side_encryption_by_default": [
                                        {}
                                    ]
                                }
                            ]
                        }
                    ],
                    "tags_all": {},
                    "versioning": [
                        {}
                    ],
                    "website": []
                }
            }
        },
        {
            "address": "aws_s3_bucket_public_access_block.s3_public",
            "mode": "managed",
            "type": "aws_s3_bucket_public_access_block",
            "name": "s3_public",
            "provider_name": "registry.terraform.io/hashicorp/aws",
            "change": {
                "actions": [
                    "create"
                ],
                "before": null,
                "after": {
                    "block_public_acls": true,
                    "block_public_policy": true,
                    "ignore_public_acls": true,
                    "restrict_public_buckets": true
                },
                "after_unknown": {
                    "bucket": true,
                    "id": true
                },
                "before_sensitive": false,
                "after_sensitive": {}
            }
        }
    ],
    "configuration": {
        "provider_config": {
            "aws": {
                "name": "aws",
                "full_name": "registry.terraform.io/hashicorp/aws"
            }
        },
        "root_module": {
            "resources": [
                {
                    "address": "aws_s3_bucket.s3-bucket",
                    "mode": "managed",
                    "type": "aws_s3_bucket",
                    "name": "s3-bucket",
                    "provider_config_key": "aws",
                    "expressions": {
                        "acl": {
                            "constant_value": "private"
                        },
                        "bucket": {
                            "constant_value": "my-s3-bucket"
                        },
                        "lifecycle_rule": [
                            {
                                "abort_incomplete_multipart_upload_days": {
                                    "constant_value": 1
                                },
                                "enabled": {
                                    "constant_value": true
                                }
                            }
                        ],
                        "server_side_encryption_configuration": [
                            {
                                "rule": [
                                    {
                                        "apply_server_side_encryption_by_default": [
                                            {
                                                "sse_algorithm": {
                                                    "constant_value": "AES256"
                                                }
                                            }
                                        ]
                                    }
                                ]
                            }
                        ],
                        "versioning": [
                            {
                                "enabled": {
                                    "constant_value": false
                                }
                            }
                        ]
                    },
                    "schema_version": 0
                },
                {
                    "address": "aws_s3_bucket_public_access_block.s3_public",
                    "mode": "managed",
                    "type": "aws_s3_bucket_public_access_block",
                    "name": "s3_public",
                    "provider_config_key": "aws",
                    "expressions": {
                        "block_public_acls": {
                            "constant_value": true
                        },
                        "block_public_policy": {
                            "constant_value": true
                        },
                        "bucket": {
                            "references": [
                                "aws_s3_bucket.s3-bucket.id",
                                "aws_s3_bucket.s3-bucket"
                            ]
                        },
                        "ignore_public_acls": {
                            "constant_value": true
                        },
                        "restrict_public_buckets": {
                            "constant_value": true
                        }
                    },
                    "schema_version": 0
                }
            ]
        }
    },
    "relevant_attributes": [
        {
            "resource": "aws_s3_bucket.s3-bucket",
            "attribute": [
                "id"
            ]
        }
    ],
    "timestamp": "2024-05-26T05:52:52Z",
    "errored": false
}